
Microsoft Visual Studio Solution File, Format Version 12.00
# Visual Studio Version 17
VisualStudioVersion = 17.9.34607.119
MinimumVisualStudioVersion = 10.0.40219.1
Project("{FAE04EC0-301F-11D3-BF4B-00C04F79EFBC}") = "FYP_App", "FYP_App\FYP_App.csproj", "{238261D4-84A0-48E7-B7A9-D2C4048E8963}"
EndProject
Project("{FAE04EC0-301F-11D3-BF4B-00C04F79EFBC}") = "FYP_App.Tests", "FYP_App.Tests\FYP_App.Tests.csproj", "{5F587E9E-EB6E-47AF-BBDB-0234F038A586}"
EndProject
Project("{FAE04EC0-301F-11D3-BF4B-00C04F79EFBC}") = "FYP_App.UITests", "FYP_App.UITests\FYP_App.UITests.csproj", "{BA155AFB-62C2-4093-AEC8-B0CB6B95DC9A}"
EndProject
Global
	GlobalSection(SolutionConfigurationPlatforms) = preSolution
		Debug|Any CPU = Debug|Any CPU
		Release|Any CPU = Release|Any CPU
	EndGlobalSection
	GlobalSection(ProjectConfigurationPlatforms) = postSolution
		{238261D4-84A0-48E7-B7A9-D2C4048E8963}.Debug|Any CPU.ActiveCfg = Debug|Any CPU
		{238261D4-84A0-48E7-B7A9-D2C4048E8963}.Debug|Any CPU.Build.0 = Debug|Any CPU
		{238261D4-84A0-48E7-B7A9-D2C4048E8963}.Release|Any CPU.ActiveCfg = Release|Any CPU
		{238261D4-84A0-48E7-B7A9-D2C4048E8963}.Release|Any CPU.Build.0 = Release|Any CPU
		{5F587E9E-EB6E-47AF-BBDB-0234F038A586}.Debug|Any CPU.ActiveCfg = Debug|Any CPU
		{5F587E9E-EB6E-47AF-BBDB-0234F038A586}.Debug|Any CPU.Build.0 = Debug|Any CPU
		{5F587E9E-EB6E-47AF-BBDB-0234F038A586}.Release|Any CPU.ActiveCfg = Release|Any CPU
		{5F587E9E-EB6E-47AF-BBDB-0234F038A586}.Release|Any CPU.Build.0 = Release|Any CPU
		{BA155AFB-62C2-4093-AEC8-B0CB6B95DC9A}.Debug|Any CPU.ActiveCfg = Debug|Any CPU
		{BA155AFB-62C2-4093-AEC8-B0CB6B95DC9A}.Debug|Any CPU.Build.0 = Debug|Any CPU
		{BA155AFB-62C2-4093-AEC8-B0CB6B95DC9A}.Release|Any CPU.ActiveCfg = Release|Any CPU
		{BA155AFB-62C2-4093-AEC8-B0CB6B95DC9A}.Release|Any CPU.Build.0 = Release|Any CPU
	EndGlobalSection
	GlobalSection(SolutionProperties) = preSolution
		HideSolutionNode = FALSE
	EndGlobalSection
	GlobalSection(ExtensibilityGlobals) = postSolution
		SolutionGuid = {F76475AB-D7C0-4CF1-8C9A-C7F19E552B0F}
	EndGlobalSection
EndGlobal
